
Microsoft Visual Studio Solution File, Format Version 12.00
# Visual Studio 14
VisualStudioVersion = 14.0.25420.1
MinimumVisualStudioVersion = 10.0.40219.1
Project("{FAE04EC0-301F-11D3-BF4B-00C04F79EFBC}") = "MoneyData", "MoneyData\MoneyData.csproj", "{D2DB97AF-ED80-4D43-8177-B500A2F52023}"
EndProject
Project("{FAE04EC0-301F-11D3-BF4B-00C04F79EFBC}") = "MoneyAPI", "MoneyAPI\MoneyAPI.csproj", "{248E592C-0BC5-4BB7-817E-DAEA2F0220D4}"
EndProject
Project("{FAE04EC0-301F-11D3-BF4B-00C04F79EFBC}") = "Utilities", "Utilities\Utilities.csproj", "{6E312278-7706-4826-96E2-5E43AECF0038}"
EndProject
Project("{FAE04EC0-301F-11D3-BF4B-00C04F79EFBC}") = "TempAPI", "TempAPI\TempAPI.csproj", "{0A7A46E3-8502-4C62-A571-F7BFED131A11}"
EndProject
Project("{FAE04EC0-301F-11D3-BF4B-00C04F79EFBC}") = "Practice", "Practice\Practice.csproj", "{5B80412D-EF57-45AF-B11B-3541582020A3}"
EndProject
Project("{FAE04EC0-301F-11D3-BF4B-00C04F79EFBC}") = "MoneyWin", "MoneyWin\MoneyWin.csproj", "{0FC48035-2346-46AB-A7F2-A2D7F9644183}"
EndProject
Global
	GlobalSection(SolutionConfigurationPlatforms) = preSolution
		Debug|Any CPU = Debug|Any CPU
		Release|Any CPU = Release|Any CPU
	EndGlobalSection
	GlobalSection(ProjectConfigurationPlatforms) = postSolution
		{D2DB97AF-ED80-4D43-8177-B500A2F52023}.Debug|Any CPU.ActiveCfg = Debug|Any CPU
		{D2DB97AF-ED80-4D43-8177-B500A2F52023}.Debug|Any CPU.Build.0 = Debug|Any CPU
		{D2DB97AF-ED80-4D43-8177-B500A2F52023}.Release|Any CPU.ActiveCfg = Release|Any CPU
		{D2DB97AF-ED80-4D43-8177-B500A2F52023}.Release|Any CPU.Build.0 = Release|Any CPU
		{248E592C-0BC5-4BB7-817E-DAEA2F0220D4}.Debug|Any CPU.ActiveCfg = Debug|Any CPU
		{248E592C-0BC5-4BB7-817E-DAEA2F0220D4}.Debug|Any CPU.Build.0 = Debug|Any CPU
		{248E592C-0BC5-4BB7-817E-DAEA2F0220D4}.Release|Any CPU.ActiveCfg = Release|Any CPU
		{248E592C-0BC5-4BB7-817E-DAEA2F0220D4}.Release|Any CPU.Build.0 = Release|Any CPU
		{6E312278-7706-4826-96E2-5E43AECF0038}.Debug|Any CPU.ActiveCfg = Debug|Any CPU
		{6E312278-7706-4826-96E2-5E43AECF0038}.Debug|Any CPU.Build.0 = Debug|Any CPU
		{6E312278-7706-4826-96E2-5E43AECF0038}.Release|Any CPU.ActiveCfg = Release|Any CPU
		{6E312278-7706-4826-96E2-5E43AECF0038}.Release|Any CPU.Build.0 = Release|Any CPU
		{0A7A46E3-8502-4C62-A571-F7BFED131A11}.Debug|Any CPU.ActiveCfg = Debug|Any CPU
		{0A7A46E3-8502-4C62-A571-F7BFED131A11}.Debug|Any CPU.Build.0 = Debug|Any CPU
		{0A7A46E3-8502-4C62-A571-F7BFED131A11}.Release|Any CPU.ActiveCfg = Release|Any CPU
		{0A7A46E3-8502-4C62-A571-F7BFED131A11}.Release|Any CPU.Build.0 = Release|Any CPU
		{5B80412D-EF57-45AF-B11B-3541582020A3}.Debug|Any CPU.ActiveCfg = Debug|Any CPU
		{5B80412D-EF57-45AF-B11B-3541582020A3}.Debug|Any CPU.Build.0 = Debug|Any CPU
		{5B80412D-EF57-45AF-B11B-3541582020A3}.Release|Any CPU.ActiveCfg = Release|Any CPU
		{5B80412D-EF57-45AF-B11B-3541582020A3}.Release|Any CPU.Build.0 = Release|Any CPU
		{0FC48035-2346-46AB-A7F2-A2D7F9644183}.Debug|Any CPU.ActiveCfg = Debug|Any CPU
		{0FC48035-2346-46AB-A7F2-A2D7F9644183}.Debug|Any CPU.Build.0 = Debug|Any CPU
		{0FC48035-2346-46AB-A7F2-A2D7F9644183}.Release|Any CPU.ActiveCfg = Release|Any CPU
		{0FC48035-2346-46AB-A7F2-A2D7F9644183}.Release|Any CPU.Build.0 = Release|Any CPU
	EndGlobalSection
	GlobalSection(SolutionProperties) = preSolution
		HideSolutionNode = FALSE
	EndGlobalSection
EndGlobal
